
Microsoft Visual Studio Solution File, Format Version 12.00
# Visual Studio Version 17
VisualStudioVersion = 17.1.32421.90
MinimumVisualStudioVersion = 10.0.40219.1
Project("{9A19103F-16F7-4668-BE54-9A1E7A4F7556}") = "TestWebApi", "TestWebApi\TestWebApi.csproj", "{5448108E-EE16-48E0-A187-422BEE93CDB0}"
EndProject
Project("{9A19103F-16F7-4668-BE54-9A1E7A4F7556}") = "TestWpfClient", "TestWpfClient\TestWpfClient.csproj", "{1831ABEA-ADD3-4FB8-9878-A5BAF12C90EC}"
EndProject
Global
	GlobalSection(SolutionConfigurationPlatforms) = preSolution
		Debug|Any CPU = Debug|Any CPU
		Release|Any CPU = Release|Any CPU
	EndGlobalSection
	GlobalSection(ProjectConfigurationPlatforms) = postSolution
		{5448108E-EE16-48E0-A187-422BEE93CDB0}.Debug|Any CPU.ActiveCfg = Debug|Any CPU
		{5448108E-EE16-48E0-A187-422BEE93CDB0}.Debug|Any CPU.Build.0 = Debug|Any CPU
		{5448108E-EE16-48E0-A187-422BEE93CDB0}.Release|Any CPU.ActiveCfg = Release|Any CPU
		{5448108E-EE16-48E0-A187-422BEE93CDB0}.Release|Any CPU.Build.0 = Release|Any CPU
		{1831ABEA-ADD3-4FB8-9878-A5BAF12C90EC}.Debug|Any CPU.ActiveCfg = Debug|Any CPU
		{1831ABEA-ADD3-4FB8-9878-A5BAF12C90EC}.Debug|Any CPU.Build.0 = Debug|Any CPU
		{1831ABEA-ADD3-4FB8-9878-A5BAF12C90EC}.Release|Any CPU.ActiveCfg = Release|Any CPU
		{1831ABEA-ADD3-4FB8-9878-A5BAF12C90EC}.Release|Any CPU.Build.0 = Release|Any CPU
	EndGlobalSection
	GlobalSection(SolutionProperties) = preSolution
		HideSolutionNode = FALSE
	EndGlobalSection
	GlobalSection(ExtensibilityGlobals) = postSolution
		SolutionGuid = {E43481A7-E50D-406B-BB2B-212AC8B24105}
	EndGlobalSection
EndGlobal
